
Microsoft Visual Studio Solution File, Format Version 12.00
# Visual Studio Version 16
VisualStudioVersion = 16.0.30804.86
MinimumVisualStudioVersion = 10.0.40219.1
Project("{FAE04EC0-301F-11D3-BF4B-00C04F79EFBC}") = "compteBanquaire", "compteBanquaire.csproj", "{1E1F95D9-20F0-4D06-9B52-EF869AA9A49A}"
EndProject
Global
	GlobalSection(SolutionConfigurationPlatforms) = preSolution
		Debug|Any CPU = Debug|Any CPU
		Release|Any CPU = Release|Any CPU
	EndGlobalSection
	GlobalSection(ProjectConfigurationPlatforms) = postSolution
		{1E1F95D9-20F0-4D06-9B52-EF869AA9A49A}.Debug|Any CPU.ActiveCfg = Debug|Any CPU
		{1E1F95D9-20F0-4D06-9B52-EF869AA9A49A}.Debug|Any CPU.Build.0 = Debug|Any CPU
		{1E1F95D9-20F0-4D06-9B52-EF869AA9A49A}.Release|Any CPU.ActiveCfg = Release|Any CPU
		{1E1F95D9-20F0-4D06-9B52-EF869AA9A49A}.Release|Any CPU.Build.0 = Release|Any CPU
	EndGlobalSection
	GlobalSection(SolutionProperties) = preSolution
		HideSolutionNode = FALSE
	EndGlobalSection
	GlobalSection(ExtensibilityGlobals) = postSolution
		SolutionGuid = {F54AECF9-B2AF-4816-A6D6-C5621CC6B198}
	EndGlobalSection
EndGlobal
